PODS:
  - Capacitor (5.3.0):
    - CapacitorCordova
  - CapacitorCordova (5.3.0)

DEPENDENCIES:
  - "Capacitor (from `../../../../node_modules/@capacitor/ios`)"
  - "CapacitorCordova (from `../../../../node_modules/@capacitor/ios`)"

EXTERNAL SOURCES:
  Capacitor:
    :path: "../../../../node_modules/@capacitor/ios"
  CapacitorCordova:
    :path: "../../../../node_modules/@capacitor/ios"

SPEC CHECKSUMS:
  Capacitor: 1ac9165943bc4f2137642d218c5ba05df811de69
  CapacitorCordova: b9374d68e63ce29e96ab5db994cf14fbefd722c9

PODFILE CHECKSUM: 7e43312ec38f476d42a7da429046ce0353e8f275

COCOAPODS: 1.12.1
